<?xml version="1.0" encoding="utf-8"?>
<Project ToolsVersion="4.0" xmlns="http://schemas.microsoft.com/developer/msbuild/2003">
  <ItemGroup>
    <Filter Include="win32">
      <UniqueIdentifier>{84a8ebd7-7cf0-47f6-b75e-d441df67da40}</UniqueIdentifier>
    </Filter>
    <Filter Include="resource">
      <UniqueIdentifier>{715254bc-d70b-4ec5-bf29-467dd3ace079}</UniqueIdentifier>
    </Filter>
    <Filter Include="src">
      <UniqueIdentifier>{bb6c862e-70e9-49d9-81b7-3829a6f50471}</UniqueIdentifier>
    </Filter>
    <Filter Include="src\JSON">
      <UniqueIdentifier>{88720194-2067-4f55-810d-a94cce44d350}</UniqueIdentifier>
    </Filter>
  </ItemGroup>
  <ItemGroup>
    <ClCompile Include="main.cpp">
      <Filter>win32</Filter>
    </ClCompile>
    <ClCompile Include="..\Classes\ActionController.cpp">
      <Filter>src</Filter>
    </ClCompile>
    <ClCompile Include="..\Classes\AnimationUtils.cpp">
      <Filter>src</Filter>
    </ClCompile>
    <ClCompile Include="..\Classes\AppDelegate.cpp">
      <Filter>src</Filter>
    </ClCompile>
    <ClCompile Include="..\Classes\Cloud.cpp">
      <Filter>src</Filter>
    </ClCompile>
    <ClCompile Include="..\Classes\CloudManager.cpp">
      <Filter>src</Filter>
    </ClCompile>
    <ClCompile Include="..\Classes\CucrbitManage.cpp">
      <Filter>src</Filter>
    </ClCompile>
    <ClCompile Include="..\Classes\Cucurbit.cpp">
      <Filter>src</Filter>
    </ClCompile>
    <ClCompile Include="..\Classes\GameOver.cpp">
      <Filter>src</Filter>
    </ClCompile>
    <ClCompile Include="..\Classes\HelloWorldScene.cpp">
      <Filter>src</Filter>
    </ClCompile>
    <ClCompile Include="..\Classes\HUDLayer.cpp">
      <Filter>src</Filter>
    </ClCompile>
    <ClCompile Include="..\Classes\I18N.cpp">
      <Filter>src</Filter>
    </ClCompile>
    <ClCompile Include="..\Classes\LoadingScene.cpp">
      <Filter>src</Filter>
    </ClCompile>
    <ClCompile Include="..\Classes\MainScene.cpp">
      <Filter>src</Filter>
    </ClCompile>
    <ClCompile Include="..\Classes\MenuScene.cpp">
      <Filter>src</Filter>
    </ClCompile>
    <ClCompile Include="..\Classes\Mouse.cpp">
      <Filter>src</Filter>
    </ClCompile>
    <ClCompile Include="..\Classes\MouseController.cpp">
      <Filter>src</Filter>
    </ClCompile>
    <ClCompile Include="..\Classes\MouseRect.cpp">
      <Filter>src</Filter>
    </ClCompile>
    <ClCompile Include="..\Classes\Network.cpp">
      <Filter>src</Filter>
    </ClCompile>
    <ClCompile Include="..\Classes\NetWorkLayer.cpp">
      <Filter>src</Filter>
    </ClCompile>
    <ClCompile Include="..\Classes\NetworkManager.cpp">
      <Filter>src</Filter>
    </ClCompile>
    <ClCompile Include="..\Classes\Pause.cpp">
      <Filter>src</Filter>
    </ClCompile>
    <ClCompile Include="..\Classes\Popup.cpp">
      <Filter>src</Filter>
    </ClCompile>
    <ClCompile Include="..\Classes\Progress.cpp">
      <Filter>src</Filter>
    </ClCompile>
    <ClCompile Include="..\Classes\Prop.cpp">
      <Filter>src</Filter>
    </ClCompile>
    <ClCompile Include="..\Classes\PropContainer.cpp">
      <Filter>src</Filter>
    </ClCompile>
    <ClCompile Include="..\Classes\PropManager.cpp">
      <Filter>src</Filter>
    </ClCompile>
    <ClCompile Include="..\Classes\Skateboard.cpp">
      <Filter>src</Filter>
    </ClCompile>
    <ClCompile Include="..\Classes\Snare.cpp">
      <Filter>src</Filter>
    </ClCompile>
    <ClCompile Include="..\Classes\Util.cpp">
      <Filter>src</Filter>
    </ClCompile>
    <ClCompile Include="..\Classes\Weather.cpp">
      <Filter>src</Filter>
    </ClCompile>
    <ClCompile Include="..\Classes\WeatherInfo.cpp">
      <Filter>src</Filter>
    </ClCompile>
    <ClCompile Include="..\Classes\WeatherManager.cpp">
      <Filter>src</Filter>
    </ClCompile>
    <ClCompile Include="..\Classes\JSON\json_reader.cpp">
      <Filter>src\JSON</Filter>
    </ClCompile>
    <ClCompile Include="..\Classes\JSON\json_value.cpp">
      <Filter>src\JSON</Filter>
    </ClCompile>
    <ClCompile Include="..\Classes\JSON\json_writer.cpp">
      <Filter>src\JSON</Filter>
    </ClCompile>
  </ItemGroup>
  <ItemGroup>
    <ClInclude Include="main.h">
      <Filter>win32</Filter>
    </ClInclude>
    <ClInclude Include="..\Classes\ActionController.h">
      <Filter>src</Filter>
    </ClInclude>
    <ClInclude Include="..\Classes\AnimationUtils.h">
      <Filter>src</Filter>
    </ClInclude>
    <ClInclude Include="..\Classes\AppDelegate.h">
      <Filter>src</Filter>
    </ClInclude>
    <ClInclude Include="..\Classes\Cloud.h">
      <Filter>src</Filter>
    </ClInclude>
    <ClInclude Include="..\Classes\CloudManager.h">
      <Filter>src</Filter>
    </ClInclude>
    <ClInclude Include="..\Classes\CucrbitManage.h">
      <Filter>src</Filter>
    </ClInclude>
    <ClInclude Include="..\Classes\Cucurbit.h">
      <Filter>src</Filter>
    </ClInclude>
    <ClInclude Include="..\Classes\GameOver.h">
      <Filter>src</Filter>
    </ClInclude>
    <ClInclude Include="..\Classes\HelloWorldScene.h">
      <Filter>src</Filter>
    </ClInclude>
    <ClInclude Include="..\Classes\HUDLayer.h">
      <Filter>src</Filter>
    </ClInclude>
    <ClInclude Include="..\Classes\I18N.h">
      <Filter>src</Filter>
    </ClInclude>
    <ClInclude Include="..\Classes\LoadingScene.h">
      <Filter>src</Filter>
    </ClInclude>
    <ClInclude Include="..\Classes\MainScene.h">
      <Filter>src</Filter>
    </ClInclude>
    <ClInclude Include="..\Classes\MenuScene.h">
      <Filter>src</Filter>
    </ClInclude>
    <ClInclude Include="..\Classes\Mouse.h">
      <Filter>src</Filter>
    </ClInclude>
    <ClInclude Include="..\Classes\MouseController.h">
      <Filter>src</Filter>
    </ClInclude>
    <ClInclude Include="..\Classes\MouseRect.h">
      <Filter>src</Filter>
    </ClInclude>
    <ClInclude Include="..\Classes\MouseUtil.h">
      <Filter>src</Filter>
    </ClInclude>
    <ClInclude Include="..\Classes\Network.h">
      <Filter>src</Filter>
    </ClInclude>
    <ClInclude Include="..\Classes\NetWorkLayer.h">
      <Filter>src</Filter>
    </ClInclude>
    <ClInclude Include="..\Classes\NetworkManager.h">
      <Filter>src</Filter>
    </ClInclude>
    <ClInclude Include="..\Classes\Pause.h">
      <Filter>src</Filter>
    </ClInclude>
    <ClInclude Include="..\Classes\Popup.h">
      <Filter>src</Filter>
    </ClInclude>
    <ClInclude Include="..\Classes\Progress.h">
      <Filter>src</Filter>
    </ClInclude>
    <ClInclude Include="..\Classes\Prop.h">
      <Filter>src</Filter>
    </ClInclude>
    <ClInclude Include="..\Classes\PropContainer.h">
      <Filter>src</Filter>
    </ClInclude>
    <ClInclude Include="..\Classes\PropManager.h">
      <Filter>src</Filter>
    </ClInclude>
    <ClInclude Include="..\Classes\Skateboard.h">
      <Filter>src</Filter>
    </ClInclude>
    <ClInclude Include="..\Classes\Snare.h">
      <Filter>src</Filter>
    </ClInclude>
    <ClInclude Include="..\Classes\Util.h">
      <Filter>src</Filter>
    </ClInclude>
    <ClInclude Include="..\Classes\Weather.h">
      <Filter>src</Filter>
    </ClInclude>
    <ClInclude Include="..\Classes\WeatherInfo.h">
      <Filter>src</Filter>
    </ClInclude>
    <ClInclude Include="..\Classes\WeatherManager.h">
      <Filter>src</Filter>
    </ClInclude>
    <ClInclude Include="..\Classes\JSON\autolink.h">
      <Filter>src\JSON</Filter>
    </ClInclude>
    <ClInclude Include="..\Classes\JSON\config.h">
      <Filter>src\JSON</Filter>
    </ClInclude>
    <ClInclude Include="..\Classes\JSON\features.h">
      <Filter>src\JSON</Filter>
    </ClInclude>
    <ClInclude Include="..\Classes\JSON\forwards.h">
      <Filter>src\JSON</Filter>
    </ClInclude>
    <ClInclude Include="..\Classes\JSON\json.h">
      <Filter>src\JSON</Filter>
    </ClInclude>
    <ClInclude Include="..\Classes\JSON\json_batchallocator.h">
      <Filter>src\JSON</Filter>
    </ClInclude>
    <ClInclude Include="..\Classes\JSON\reader.h">
      <Filter>src\JSON</Filter>
    </ClInclude>
    <ClInclude Include="..\Classes\JSON\value.h">
      <Filter>src\JSON</Filter>
    </ClInclude>
    <ClInclude Include="..\Classes\JSON\writer.h">
      <Filter>src\JSON</Filter>
    </ClInclude>
  </ItemGroup>
  <ItemGroup>
    <ResourceCompile Include="game.rc">
      <Filter>resource</Filter>
    </ResourceCompile>
  </ItemGroup>
  <ItemGroup>
    <None Include="..\Classes\JSON\json_internalarray.inl">
      <Filter>src\JSON</Filter>
    </None>
    <None Include="..\Classes\JSON\json_internalmap.inl">
      <Filter>src\JSON</Filter>
    </None>
    <None Include="..\Classes\JSON\json_valueiterator.inl">
      <Filter>src\JSON</Filter>
    </None>
  </ItemGroup>
</Project>